
Microsoft Visual Studio Solution File, Format Version 12.00
# Visual Studio Version 17
VisualStudioVersion = 17.10.35013.160
MinimumVisualStudioVersion = 10.0.40219.1
Project("{FAE04EC0-301F-11D3-BF4B-00C04F79EFBC}") = "CompositeFileSystem", "CompositeFileSystem\CompositeFileSystem.csproj", "{4A6A0E5A-5400-453C-B7E3-818A90DC6EAA}"
EndProject
Global
	GlobalSection(SolutionConfigurationPlatforms) = preSolution
		Debug|Any CPU = Debug|Any CPU
		Release|Any CPU = Release|Any CPU
	EndGlobalSection
	GlobalSection(ProjectConfigurationPlatforms) = postSolution
		{4A6A0E5A-5400-453C-B7E3-818A90DC6EAA}.Debug|Any CPU.ActiveCfg = Debug|Any CPU
		{4A6A0E5A-5400-453C-B7E3-818A90DC6EAA}.Debug|Any CPU.Build.0 = Debug|Any CPU
		{4A6A0E5A-5400-453C-B7E3-818A90DC6EAA}.Release|Any CPU.ActiveCfg = Release|Any CPU
		{4A6A0E5A-5400-453C-B7E3-818A90DC6EAA}.Release|Any CPU.Build.0 = Release|Any CPU
	EndGlobalSection
	GlobalSection(SolutionProperties) = preSolution
		HideSolutionNode = FALSE
	EndGlobalSection
	GlobalSection(ExtensibilityGlobals) = postSolution
		SolutionGuid = {42DD6451-B528-4DB6-9625-32EA70FE3DC9}
	EndGlobalSection
EndGlobal
