<Solution>
  <Project Path="CompositeFileSystem/CompositeFileSystem.csproj" />
  <Project Path="CompositeFileSystemWithVisitor/CompositeFileSystemWithVisitor.csproj" Id="01adaebe-3c06-4aec-8ceb-7eee85aa03b4" />
  <Project Path="CSharpComposite/CSharpComposite.csproj" />
  <Project Path="EfCore_Sqlite_Dashboard/EfCore_Sqlite_Dashboard.csproj" />
  <Project Path="FileSystem/FileSystem.csproj" />
  <Project Path="FileSystemWithClasses/FileSystemWithClasses.csproj" />
</Solution>

